// !$*UTF8*$!
{
	archiveVersion = 1;
	classes = {
	};
	objectVersion = 56;
	objects = {

/* Begin PBXBuildFile section */
		386C22142A668C7200141CAC /* LocationManager.swift in Sources */ = {isa = PBXBuildFile; fileRef = 386C22132A668C7200141CAC /* LocationManager.swift */; };
		386C22192A66907200141CAC /* Station.swift in Sources */ = {isa = PBXBuildFile; fileRef = 386C22182A66907200141CAC /* Station.swift */; };
		386C221B2A6690C100141CAC /* Navigation.swift in Sources */ = {isa = PBXBuildFile; fileRef = 386C221A2A6690C100141CAC /* Navigation.swift */; };
		386C22212A66919200141CAC /* NavigationPoint.swift in Sources */ = {isa = PBXBuildFile; fileRef = 386C22202A66919200141CAC /* NavigationPoint.swift */; };
		386C22262A669A4B00141CAC /* GateType.swift in Sources */ = {isa = PBXBuildFile; fileRef = 386C22252A669A4B00141CAC /* GateType.swift */; };
		386C22282A669B4500141CAC /* Place.swift in Sources */ = {isa = PBXBuildFile; fileRef = 386C22272A669B4500141CAC /* Place.swift */; };
		386C222A2A669FCE00141CAC /* Coordinate.swift in Sources */ = {isa = PBXBuildFile; fileRef = 386C22292A669FCE00141CAC /* Coordinate.swift */; };
		386C222C2A66A3DD00141CAC /* Gate.swift in Sources */ = {isa = PBXBuildFile; fileRef = 386C222B2A66A3DD00141CAC /* Gate.swift */; };
		386C222F2A66A4FA00141CAC /* Array+Extension.swift in Sources */ = {isa = PBXBuildFile; fileRef = 386C222E2A66A4FA00141CAC /* Array+Extension.swift */; };
		386C22312A66A50200141CAC /* Double+Extension.swift in Sources */ = {isa = PBXBuildFile; fileRef = 386C22302A66A50200141CAC /* Double+Extension.swift */; };
		386C22332A66A55300141CAC /* Helpers.swift in Sources */ = {isa = PBXBuildFile; fileRef = 386C22322A66A55300141CAC /* Helpers.swift */; };
		386C22382A66ADC200141CAC /* GetUserLocationUseCase.swift in Sources */ = {isa = PBXBuildFile; fileRef = 386C22372A66ADC200141CAC /* GetUserLocationUseCase.swift */; };
		386C223A2A66B75400141CAC /* TrainRoute.swift in Sources */ = {isa = PBXBuildFile; fileRef = 386C22392A66B75400141CAC /* TrainRoute.swift */; };
		386C223C2A67443D00141CAC /* Point.swift in Sources */ = {isa = PBXBuildFile; fileRef = 386C223B2A67443D00141CAC /* Point.swift */; };
		386C223E2A67451D00141CAC /* TrainStop.swift in Sources */ = {isa = PBXBuildFile; fileRef = 386C223D2A67451D00141CAC /* TrainStop.swift */; };
		386C22402A67573500141CAC /* DistanceMeasurable.swift in Sources */ = {isa = PBXBuildFile; fileRef = 386C223F2A67573500141CAC /* DistanceMeasurable.swift */; };
		386C22442A6757D000141CAC /* AreaCategory.swift in Sources */ = {isa = PBXBuildFile; fileRef = 386C22432A6757D000141CAC /* AreaCategory.swift */; };
		386C22462A6757EE00141CAC /* FacilityCategory.swift in Sources */ = {isa = PBXBuildFile; fileRef = 386C22452A6757EE00141CAC /* FacilityCategory.swift */; };
		386C22482A67580E00141CAC /* DirectionIcon.swift in Sources */ = {isa = PBXBuildFile; fileRef = 386C22472A67580E00141CAC /* DirectionIcon.swift */; };
		386C224A2A67582200141CAC /* AccessibilityCategory.swift in Sources */ = {isa = PBXBuildFile; fileRef = 386C22492A67582200141CAC /* AccessibilityCategory.swift */; };
		386C224C2A6762A600141CAC /* LocationManagerDelegate.swift in Sources */ = {isa = PBXBuildFile; fileRef = 386C224B2A6762A600141CAC /* LocationManagerDelegate.swift */; };
		386C224F2A67A38F00141CAC /* GetNearestStationToUserUseCase.swift in Sources */ = {isa = PBXBuildFile; fileRef = 386C224E2A67A38F00141CAC /* GetNearestStationToUserUseCase.swift */; };
		386C22512A67A3A100141CAC /* GetNearestStationToDestinationUseCase.swift in Sources */ = {isa = PBXBuildFile; fileRef = 386C22502A67A3A100141CAC /* GetNearestStationToDestinationUseCase.swift */; };
		386C22542A67A43000141CAC /* LocationRepository.swift in Sources */ = {isa = PBXBuildFile; fileRef = 386C22532A67A43000141CAC /* LocationRepository.swift */; };
		386C22562A67A54100141CAC /* GetNavigationUseCase.swift in Sources */ = {isa = PBXBuildFile; fileRef = 386C22552A67A54100141CAC /* GetNavigationUseCase.swift */; };
		386C22582A67AB9F00141CAC /* GetAllStationsUseCase.swift in Sources */ = {isa = PBXBuildFile; fileRef = 386C22572A67AB9F00141CAC /* GetAllStationsUseCase.swift */; };
		386C225A2A67ACB500141CAC /* StationRepository.swift in Sources */ = {isa = PBXBuildFile; fileRef = 386C22592A67ACB500141CAC /* StationRepository.swift */; };
		386C225E2A68C8EF00141CAC /* MapManager.swift in Sources */ = {isa = PBXBuildFile; fileRef = 386C225D2A68C8EF00141CAC /* MapManager.swift */; };
		386C22602A68C92000141CAC /* MapManagerDelegate.swift in Sources */ = {isa = PBXBuildFile; fileRef = 386C225F2A68C92000141CAC /* MapManagerDelegate.swift */; };
		386C22632A68EC4700141CAC /* BundleDataSource.swift in Sources */ = {isa = PBXBuildFile; fileRef = 386C22622A68EC4700141CAC /* BundleDataSource.swift */; };
		386C226A2A694DDB00141CAC /* DefaultLocationRepository.swift in Sources */ = {isa = PBXBuildFile; fileRef = 386C22692A694DDB00141CAC /* DefaultLocationRepository.swift */; };
		386C226C2A694DFE00141CAC /* DefaultStationRepository.swift in Sources */ = {isa = PBXBuildFile; fileRef = 386C226B2A694DFE00141CAC /* DefaultStationRepository.swift */; };
		386C226E2A694E8F00141CAC /* StartTripScreenView.swift in Sources */ = {isa = PBXBuildFile; fileRef = 386C226D2A694E8F00141CAC /* StartTripScreenView.swift */; };
		386C22712A6990D900141CAC /* InlineTextFieldView.swift in Sources */ = {isa = PBXBuildFile; fileRef = 386C22702A6990D900141CAC /* InlineTextFieldView.swift */; };
		386C22732A6990EB00141CAC /* NavigationVDevider.swift in Sources */ = {isa = PBXBuildFile; fileRef = 386C22722A6990EB00141CAC /* NavigationVDevider.swift */; };
		386C22752A69910500141CAC /* StartTripView.swift in Sources */ = {isa = PBXBuildFile; fileRef = 386C22742A69910500141CAC /* StartTripView.swift */; };
		386C22772A69912200141CAC /* CustomTextField.swift in Sources */ = {isa = PBXBuildFile; fileRef = 386C22762A69912200141CAC /* CustomTextField.swift */; };
		386C22792A69913800141CAC /* PulsableIconView.swift in Sources */ = {isa = PBXBuildFile; fileRef = 386C22782A69913800141CAC /* PulsableIconView.swift */; };
		386C227B2A69914B00141CAC /* HomeView.swift in Sources */ = {isa = PBXBuildFile; fileRef = 386C227A2A69914B00141CAC /* HomeView.swift */; };
		386C227E2A69A6FA00141CAC /* StartTripViewModel.swift in Sources */ = {isa = PBXBuildFile; fileRef = 386C227D2A69A6FA00141CAC /* StartTripViewModel.swift */; };
		386C22852A6A464B00141CAC /* DestinationPlan.swift in Sources */ = {isa = PBXBuildFile; fileRef = 386C22832A6A464B00141CAC /* DestinationPlan.swift */; };
		386C22862A6A464B00141CAC /* Route.swift in Sources */ = {isa = PBXBuildFile; fileRef = 386C22842A6A464B00141CAC /* Route.swift */; };
		4B1B4AB52A6409FC0083EBC7 /* Nano3MRTApp.swift in Sources */ = {isa = PBXBuildFile; fileRef = 4B1B4AB42A6409FC0083EBC7 /* Nano3MRTApp.swift */; };
		4B1B4AB72A6409FC0083EBC7 /* ContentView.swift in Sources */ = {isa = PBXBuildFile; fileRef = 4B1B4AB62A6409FC0083EBC7 /* ContentView.swift */; };
		4B1B4AB92A6409FD0083EBC7 /* Assets.xcassets in Resources */ = {isa = PBXBuildFile; fileRef = 4B1B4AB82A6409FD0083EBC7 /* Assets.xcassets */; };
		4B1B4ABC2A6409FD0083EBC7 /* Preview Assets.xcassets in Resources */ = {isa = PBXBuildFile; fileRef = 4B1B4ABB2A6409FD0083EBC7 /* Preview Assets.xcassets */; };
/* End PBXBuildFile section */

/* Begin PBXFileReference section */
		386C22132A668C7200141CAC /* LocationManager.swift */ = {isa = PBXFileReference; lastKnownFileType = sourcecode.swift; path = LocationManager.swift; sourceTree = "<group>"; };
		386C22152A668D6100141CAC /* Info.plist */ = {isa = PBXFileReference; lastKnownFileType = text.plist.xml; path = Info.plist; sourceTree = "<group>"; };
		386C22182A66907200141CAC /* Station.swift */ = {isa = PBXFileReference; lastKnownFileType = sourcecode.swift; path = Station.swift; sourceTree = "<group>"; };
		386C221A2A6690C100141CAC /* Navigation.swift */ = {isa = PBXFileReference; lastKnownFileType = sourcecode.swift; path = Navigation.swift; sourceTree = "<group>"; };
		386C22202A66919200141CAC /* NavigationPoint.swift */ = {isa = PBXFileReference; lastKnownFileType = sourcecode.swift; path = NavigationPoint.swift; sourceTree = "<group>"; };
		386C22252A669A4B00141CAC /* GateType.swift */ = {isa = PBXFileReference; lastKnownFileType = sourcecode.swift; path = GateType.swift; sourceTree = "<group>"; };
		386C22272A669B4500141CAC /* Place.swift */ = {isa = PBXFileReference; lastKnownFileType = sourcecode.swift; path = Place.swift; sourceTree = "<group>"; };
		386C22292A669FCE00141CAC /* Coordinate.swift */ = {isa = PBXFileReference; lastKnownFileType = sourcecode.swift; path = Coordinate.swift; sourceTree = "<group>"; };
		386C222B2A66A3DD00141CAC /* Gate.swift */ = {isa = PBXFileReference; lastKnownFileType = sourcecode.swift; path = Gate.swift; sourceTree = "<group>"; };
		386C222E2A66A4FA00141CAC /* Array+Extension.swift */ = {isa = PBXFileReference; lastKnownFileType = sourcecode.swift; path = "Array+Extension.swift"; sourceTree = "<group>"; };
		386C22302A66A50200141CAC /* Double+Extension.swift */ = {isa = PBXFileReference; lastKnownFileType = sourcecode.swift; path = "Double+Extension.swift"; sourceTree = "<group>"; };
		386C22322A66A55300141CAC /* Helpers.swift */ = {isa = PBXFileReference; lastKnownFileType = sourcecode.swift; path = Helpers.swift; sourceTree = "<group>"; };
		386C22372A66ADC200141CAC /* GetUserLocationUseCase.swift */ = {isa = PBXFileReference; lastKnownFileType = sourcecode.swift; path = GetUserLocationUseCase.swift; sourceTree = "<group>"; };
		386C22392A66B75400141CAC /* TrainRoute.swift */ = {isa = PBXFileReference; lastKnownFileType = sourcecode.swift; path = TrainRoute.swift; sourceTree = "<group>"; };
		386C223B2A67443D00141CAC /* Point.swift */ = {isa = PBXFileReference; lastKnownFileType = sourcecode.swift; path = Point.swift; sourceTree = "<group>"; };
		386C223D2A67451D00141CAC /* TrainStop.swift */ = {isa = PBXFileReference; lastKnownFileType = sourcecode.swift; path = TrainStop.swift; sourceTree = "<group>"; };
		386C223F2A67573500141CAC /* DistanceMeasurable.swift */ = {isa = PBXFileReference; lastKnownFileType = sourcecode.swift; path = DistanceMeasurable.swift; sourceTree = "<group>"; };
		386C22432A6757D000141CAC /* AreaCategory.swift */ = {isa = PBXFileReference; lastKnownFileType = sourcecode.swift; path = AreaCategory.swift; sourceTree = "<group>"; };
		386C22452A6757EE00141CAC /* FacilityCategory.swift */ = {isa = PBXFileReference; lastKnownFileType = sourcecode.swift; path = FacilityCategory.swift; sourceTree = "<group>"; };
		386C22472A67580E00141CAC /* DirectionIcon.swift */ = {isa = PBXFileReference; lastKnownFileType = sourcecode.swift; path = DirectionIcon.swift; sourceTree = "<group>"; };
		386C22492A67582200141CAC /* AccessibilityCategory.swift */ = {isa = PBXFileReference; lastKnownFileType = sourcecode.swift; path = AccessibilityCategory.swift; sourceTree = "<group>"; };
		386C224B2A6762A600141CAC /* LocationManagerDelegate.swift */ = {isa = PBXFileReference; lastKnownFileType = sourcecode.swift; path = LocationManagerDelegate.swift; sourceTree = "<group>"; };
		386C224E2A67A38F00141CAC /* GetNearestStationToUserUseCase.swift */ = {isa = PBXFileReference; lastKnownFileType = sourcecode.swift; path = GetNearestStationToUserUseCase.swift; sourceTree = "<group>"; };
		386C22502A67A3A100141CAC /* GetNearestStationToDestinationUseCase.swift */ = {isa = PBXFileReference; lastKnownFileType = sourcecode.swift; path = GetNearestStationToDestinationUseCase.swift; sourceTree = "<group>"; };
		386C22532A67A43000141CAC /* LocationRepository.swift */ = {isa = PBXFileReference; lastKnownFileType = sourcecode.swift; path = LocationRepository.swift; sourceTree = "<group>"; };
		386C22552A67A54100141CAC /* GetNavigationUseCase.swift */ = {isa = PBXFileReference; lastKnownFileType = sourcecode.swift; path = GetNavigationUseCase.swift; sourceTree = "<group>"; };
		386C22572A67AB9F00141CAC /* GetAllStationsUseCase.swift */ = {isa = PBXFileReference; lastKnownFileType = sourcecode.swift; path = GetAllStationsUseCase.swift; sourceTree = "<group>"; };
		386C22592A67ACB500141CAC /* StationRepository.swift */ = {isa = PBXFileReference; lastKnownFileType = sourcecode.swift; path = StationRepository.swift; sourceTree = "<group>"; };
		386C225D2A68C8EF00141CAC /* MapManager.swift */ = {isa = PBXFileReference; lastKnownFileType = sourcecode.swift; path = MapManager.swift; sourceTree = "<group>"; };
		386C225F2A68C92000141CAC /* MapManagerDelegate.swift */ = {isa = PBXFileReference; lastKnownFileType = sourcecode.swift; path = MapManagerDelegate.swift; sourceTree = "<group>"; };
		386C22622A68EC4700141CAC /* BundleDataSource.swift */ = {isa = PBXFileReference; lastKnownFileType = sourcecode.swift; path = BundleDataSource.swift; sourceTree = "<group>"; };
		386C22692A694DDB00141CAC /* DefaultLocationRepository.swift */ = {isa = PBXFileReference; lastKnownFileType = sourcecode.swift; path = DefaultLocationRepository.swift; sourceTree = "<group>"; };
		386C226B2A694DFE00141CAC /* DefaultStationRepository.swift */ = {isa = PBXFileReference; lastKnownFileType = sourcecode.swift; path = DefaultStationRepository.swift; sourceTree = "<group>"; };
		386C226D2A694E8F00141CAC /* StartTripScreenView.swift */ = {isa = PBXFileReference; lastKnownFileType = sourcecode.swift; path = StartTripScreenView.swift; sourceTree = "<group>"; };
		386C22702A6990D900141CAC /* InlineTextFieldView.swift */ = {isa = PBXFileReference; lastKnownFileType = sourcecode.swift; path = InlineTextFieldView.swift; sourceTree = "<group>"; };
		386C22722A6990EB00141CAC /* NavigationVDevider.swift */ = {isa = PBXFileReference; lastKnownFileType = sourcecode.swift; path = NavigationVDevider.swift; sourceTree = "<group>"; };
		386C22742A69910500141CAC /* StartTripView.swift */ = {isa = PBXFileReference; lastKnownFileType = sourcecode.swift; path = StartTripView.swift; sourceTree = "<group>"; };
		386C22762A69912200141CAC /* CustomTextField.swift */ = {isa = PBXFileReference; lastKnownFileType = sourcecode.swift; path = CustomTextField.swift; sourceTree = "<group>"; };
		386C22782A69913800141CAC /* PulsableIconView.swift */ = {isa = PBXFileReference; lastKnownFileType = sourcecode.swift; path = PulsableIconView.swift; sourceTree = "<group>"; };
		386C227A2A69914B00141CAC /* HomeView.swift */ = {isa = PBXFileReference; lastKnownFileType = sourcecode.swift; path = HomeView.swift; sourceTree = "<group>"; };
		386C227D2A69A6FA00141CAC /* StartTripViewModel.swift */ = {isa = PBXFileReference; lastKnownFileType = sourcecode.swift; path = StartTripViewModel.swift; sourceTree = "<group>"; };
		386C22832A6A464B00141CAC /* DestinationPlan.swift */ = {isa = PBXFileReference; fileEncoding = 4; lastKnownFileType = sourcecode.swift; path = DestinationPlan.swift; sourceTree = "<group>"; };
		386C22842A6A464B00141CAC /* Route.swift */ = {isa = PBXFileReference; fileEncoding = 4; lastKnownFileType = sourcecode.swift; path = Route.swift; sourceTree = "<group>"; };
		4B1B4AB12A6409FC0083EBC7 /* Nano3MRT.app */ = {isa = PBXFileReference; explicitFileType = wrapper.application; includeInIndex = 0; path = Nano3MRT.app; sourceTree = BUILT_PRODUCTS_DIR; };
		4B1B4AB42A6409FC0083EBC7 /* Nano3MRTApp.swift */ = {isa = PBXFileReference; lastKnownFileType = sourcecode.swift; path = Nano3MRTApp.swift; sourceTree = "<group>"; };
		4B1B4AB62A6409FC0083EBC7 /* ContentView.swift */ = {isa = PBXFileReference; lastKnownFileType = sourcecode.swift; path = ContentView.swift; sourceTree = "<group>"; };
		4B1B4AB82A6409FD0083EBC7 /* Assets.xcassets */ = {isa = PBXFileReference; lastKnownFileType = folder.assetcatalog; path = Assets.xcassets; sourceTree = "<group>"; };
		4B1B4ABB2A6409FD0083EBC7 /* Preview Assets.xcassets */ = {isa = PBXFileReference; lastKnownFileType = folder.assetcatalog; path = "Preview Assets.xcassets"; sourceTree = "<group>"; };
/* End PBXFileReference section */

/* Begin PBXFrameworksBuildPhase section */
		4B1B4AAE2A6409FC0083EBC7 /* Frameworks */ = {
			isa = PBXFrameworksBuildPhase;
			buildActionMask = 2147483647;
			files = (
			);
			runOnlyForDeploymentPostprocessing = 0;
		};
/* End PBXFrameworksBuildPhase section */

/* Begin PBXGroup section */
		386C22112A668C1F00141CAC /* Main */ = {
			isa = PBXGroup;
			children = (
				4B1B4AB42A6409FC0083EBC7 /* Nano3MRTApp.swift */,
				4B1B4AB62A6409FC0083EBC7 /* ContentView.swift */,
				386C22152A668D6100141CAC /* Info.plist */,
			);
			path = Main;
			sourceTree = "<group>";
		};
		386C22122A668C2B00141CAC /* Infrastructures */ = {
			isa = PBXGroup;
			children = (
				386C225C2A68C8E300141CAC /* MapManager */,
				386C225B2A68C8DC00141CAC /* LocationManager */,
			);
			path = Infrastructures;
			sourceTree = "<group>";
		};
		386C22172A668FCE00141CAC /* Models */ = {
			isa = PBXGroup;
			children = (
				386C22242A669A3E00141CAC /* Data */,
				386C22392A66B75400141CAC /* TrainRoute.swift */,
				386C22182A66907200141CAC /* Station.swift */,
				386C221A2A6690C100141CAC /* Navigation.swift */,
				386C22202A66919200141CAC /* NavigationPoint.swift */,
				386C222B2A66A3DD00141CAC /* Gate.swift */,
				386C223D2A67451D00141CAC /* TrainStop.swift */,
				386C22272A669B4500141CAC /* Place.swift */,
				386C22292A669FCE00141CAC /* Coordinate.swift */,
			);
			path = Models;
			sourceTree = "<group>";
		};
		386C22242A669A3E00141CAC /* Data */ = {
			isa = PBXGroup;
			children = (
				386C22422A67575C00141CAC /* Enums */,
				386C22412A67575600141CAC /* Protocols */,
			);
			path = Data;
			sourceTree = "<group>";
		};
		386C222D2A66A4E500141CAC /* Utils */ = {
			isa = PBXGroup;
			children = (
				386C222E2A66A4FA00141CAC /* Array+Extension.swift */,
				386C22302A66A50200141CAC /* Double+Extension.swift */,
				386C22322A66A55300141CAC /* Helpers.swift */,
			);
			path = Utils;
			sourceTree = "<group>";
		};
		386C22342A66A7E300141CAC /* UseCases */ = {
			isa = PBXGroup;
			children = (
				386C22572A67AB9F00141CAC /* GetAllStationsUseCase.swift */,
				386C22372A66ADC200141CAC /* GetUserLocationUseCase.swift */,
				386C224E2A67A38F00141CAC /* GetNearestStationToUserUseCase.swift */,
				386C22502A67A3A100141CAC /* GetNearestStationToDestinationUseCase.swift */,
				386C22552A67A54100141CAC /* GetNavigationUseCase.swift */,
			);
			path = UseCases;
			sourceTree = "<group>";
		};
		386C22352A66A81400141CAC /* Domain */ = {
			isa = PBXGroup;
			children = (
				386C22172A668FCE00141CAC /* Models */,
				386C22342A66A7E300141CAC /* UseCases */,
				386C22522A67A42600141CAC /* Interface */,
			);
			path = Domain;
			sourceTree = "<group>";
		};
		386C22362A66A83100141CAC /* Presentation */ = {
			isa = PBXGroup;
			children = (
				386C227C2A69A6D600141CAC /* ViewModels */,
				386C22662A68F2AC00141CAC /* Views */,
			);
			path = Presentation;
			sourceTree = "<group>";
		};
		386C22412A67575600141CAC /* Protocols */ = {
			isa = PBXGroup;
			children = (
				386C223B2A67443D00141CAC /* Point.swift */,
				386C223F2A67573500141CAC /* DistanceMeasurable.swift */,
			);
			path = Protocols;
			sourceTree = "<group>";
		};
		386C22422A67575C00141CAC /* Enums */ = {
			isa = PBXGroup;
			children = (
				386C22432A6757D000141CAC /* AreaCategory.swift */,
				386C22452A6757EE00141CAC /* FacilityCategory.swift */,
				386C22472A67580E00141CAC /* DirectionIcon.swift */,
				386C22492A67582200141CAC /* AccessibilityCategory.swift */,
				386C22252A669A4B00141CAC /* GateType.swift */,
			);
			path = Enums;
			sourceTree = "<group>";
		};
		386C22522A67A42600141CAC /* Interface */ = {
			isa = PBXGroup;
			children = (
				386C22532A67A43000141CAC /* LocationRepository.swift */,
				386C22592A67ACB500141CAC /* StationRepository.swift */,
			);
			path = Interface;
			sourceTree = "<group>";
		};
		386C225B2A68C8DC00141CAC /* LocationManager */ = {
			isa = PBXGroup;
			children = (
				386C22132A668C7200141CAC /* LocationManager.swift */,
				386C224B2A6762A600141CAC /* LocationManagerDelegate.swift */,
			);
			path = LocationManager;
			sourceTree = "<group>";
		};
		386C225C2A68C8E300141CAC /* MapManager */ = {
			isa = PBXGroup;
			children = (
				386C225D2A68C8EF00141CAC /* MapManager.swift */,
				386C225F2A68C92000141CAC /* MapManagerDelegate.swift */,
			);
			path = MapManager;
			sourceTree = "<group>";
		};
		386C22612A68EC2A00141CAC /* Data */ = {
			isa = PBXGroup;
			children = (
				386C22682A6947CB00141CAC /* Repository */,
				386C22672A6947C600141CAC /* Sources */,
			);
			path = Data;
			sourceTree = "<group>";
		};
		386C22642A68EE2600141CAC /* Application */ = {
			isa = PBXGroup;
			children = (
				386C22112A668C1F00141CAC /* Main */,
				386C222D2A66A4E500141CAC /* Utils */,
				386C22652A68EE3200141CAC /* Resources */,
			);
			path = Application;
			sourceTree = "<group>";
		};
		386C22652A68EE3200141CAC /* Resources */ = {
			isa = PBXGroup;
			children = (
				4B1B4AB82A6409FD0083EBC7 /* Assets.xcassets */,
			);
			path = Resources;
			sourceTree = "<group>";
		};
		386C22662A68F2AC00141CAC /* Views */ = {
			isa = PBXGroup;
			children = (
				386C226F2A6990B900141CAC /* Components */,
				386C22832A6A464B00141CAC /* DestinationPlan.swift */,
				386C22842A6A464B00141CAC /* Route.swift */,
				386C226D2A694E8F00141CAC /* StartTripScreenView.swift */,
			);
			path = Views;
			sourceTree = "<group>";
		};
		386C22672A6947C600141CAC /* Sources */ = {
			isa = PBXGroup;
			children = (
				386C22622A68EC4700141CAC /* BundleDataSource.swift */,
			);
			path = Sources;
			sourceTree = "<group>";
		};
		386C22682A6947CB00141CAC /* Repository */ = {
			isa = PBXGroup;
			children = (
				386C22692A694DDB00141CAC /* DefaultLocationRepository.swift */,
				386C226B2A694DFE00141CAC /* DefaultStationRepository.swift */,
			);
			path = Repository;
			sourceTree = "<group>";
		};
		386C226F2A6990B900141CAC /* Components */ = {
			isa = PBXGroup;
			children = (
				386C22702A6990D900141CAC /* InlineTextFieldView.swift */,
				386C22722A6990EB00141CAC /* NavigationVDevider.swift */,
				386C22762A69912200141CAC /* CustomTextField.swift */,
				386C22782A69913800141CAC /* PulsableIconView.swift */,
				386C22742A69910500141CAC /* StartTripView.swift */,
				386C227A2A69914B00141CAC /* HomeView.swift */,
			);
			path = Components;
			sourceTree = "<group>";
		};
		386C227C2A69A6D600141CAC /* ViewModels */ = {
			isa = PBXGroup;
			children = (
				386C227D2A69A6FA00141CAC /* StartTripViewModel.swift */,
			);
			path = ViewModels;
			sourceTree = "<group>";
		};
		4B1B4AA82A6409FC0083EBC7 = {
			isa = PBXGroup;
			children = (
				4B1B4AB32A6409FC0083EBC7 /* Nano3MRT */,
				4B1B4AB22A6409FC0083EBC7 /* Products */,
			);
			sourceTree = "<group>";
		};
		4B1B4AB22A6409FC0083EBC7 /* Products */ = {
			isa = PBXGroup;
			children = (
				4B1B4AB12A6409FC0083EBC7 /* Nano3MRT.app */,
			);
			name = Products;
			sourceTree = "<group>";
		};
		4B1B4AB32A6409FC0083EBC7 /* Nano3MRT */ = {
			isa = PBXGroup;
			children = (
				386C22642A68EE2600141CAC /* Application */,
				386C22612A68EC2A00141CAC /* Data */,
				386C22122A668C2B00141CAC /* Infrastructures */,
				386C22352A66A81400141CAC /* Domain */,
				386C22362A66A83100141CAC /* Presentation */,
				4B1B4ABA2A6409FD0083EBC7 /* Preview Content */,
			);
			path = Nano3MRT;
			sourceTree = "<group>";
		};
		4B1B4ABA2A6409FD0083EBC7 /* Preview Content */ = {
			isa = PBXGroup;
			children = (
				4B1B4ABB2A6409FD0083EBC7 /* Preview Assets.xcassets */,
			);
			path = "Preview Content";
			sourceTree = "<group>";
		};
/* End PBXGroup section */

/* Begin PBXNativeTarget section */
		4B1B4AB02A6409FC0083EBC7 /* Nano3MRT */ = {
			isa = PBXNativeTarget;
			buildConfigurationList = 4B1B4ABF2A6409FD0083EBC7 /* Build configuration list for PBXNativeTarget "Nano3MRT" */;
			buildPhases = (
				4B1B4AAD2A6409FC0083EBC7 /* Sources */,
				4B1B4AAE2A6409FC0083EBC7 /* Frameworks */,
				4B1B4AAF2A6409FC0083EBC7 /* Resources */,
			);
			buildRules = (
			);
			dependencies = (
			);
			name = Nano3MRT;
			productName = Nano3MRT;
			productReference = 4B1B4AB12A6409FC0083EBC7 /* Nano3MRT.app */;
			productType = "com.apple.product-type.application";
		};
/* End PBXNativeTarget section */

/* Begin PBXProject section */
		4B1B4AA92A6409FC0083EBC7 /* Project object */ = {
			isa = PBXProject;
			attributes = {
				BuildIndependentTargetsInParallel = 1;
				LastSwiftUpdateCheck = 1430;
				LastUpgradeCheck = 1430;
				TargetAttributes = {
					4B1B4AB02A6409FC0083EBC7 = {
						CreatedOnToolsVersion = 14.3.1;
					};
				};
			};
			buildConfigurationList = 4B1B4AAC2A6409FC0083EBC7 /* Build configuration list for PBXProject "Nano3MRT" */;
			compatibilityVersion = "Xcode 14.0";
			developmentRegion = en;
			hasScannedForEncodings = 0;
			knownRegions = (
				en,
				Base,
			);
			mainGroup = 4B1B4AA82A6409FC0083EBC7;
			productRefGroup = 4B1B4AB22A6409FC0083EBC7 /* Products */;
			projectDirPath = "";
			projectRoot = "";
			targets = (
				4B1B4AB02A6409FC0083EBC7 /* Nano3MRT */,
			);
		};
/* End PBXProject section */

/* Begin PBXResourcesBuildPhase section */
		4B1B4AAF2A6409FC0083EBC7 /* Resources */ = {
			isa = PBXResourcesBuildPhase;
			buildActionMask = 2147483647;
			files = (
				4B1B4ABC2A6409FD0083EBC7 /* Preview Assets.xcassets in Resources */,
				4B1B4AB92A6409FD0083EBC7 /* Assets.xcassets in Resources */,
			);
			runOnlyForDeploymentPostprocessing = 0;
		};
/* End PBXResourcesBuildPhase section */

/* Begin PBXSourcesBuildPhase section */
		4B1B4AAD2A6409FC0083EBC7 /* Sources */ = {
			isa = PBXSourcesBuildPhase;
			buildActionMask = 2147483647;
			files = (
				386C224C2A6762A600141CAC /* LocationManagerDelegate.swift in Sources */,
				386C22482A67580E00141CAC /* DirectionIcon.swift in Sources */,
				386C226A2A694DDB00141CAC /* DefaultLocationRepository.swift in Sources */,
				386C223E2A67451D00141CAC /* TrainStop.swift in Sources */,
				386C22602A68C92000141CAC /* MapManagerDelegate.swift in Sources */,
				386C225A2A67ACB500141CAC /* StationRepository.swift in Sources */,
				386C22212A66919200141CAC /* NavigationPoint.swift in Sources */,
				386C22332A66A55300141CAC /* Helpers.swift in Sources */,
				4B1B4AB72A6409FC0083EBC7 /* ContentView.swift in Sources */,
				386C224F2A67A38F00141CAC /* GetNearestStationToUserUseCase.swift in Sources */,
				386C226E2A694E8F00141CAC /* StartTripScreenView.swift in Sources */,
				386C222F2A66A4FA00141CAC /* Array+Extension.swift in Sources */,
				386C227B2A69914B00141CAC /* HomeView.swift in Sources */,
				386C22862A6A464B00141CAC /* Route.swift in Sources */,
				386C22462A6757EE00141CAC /* FacilityCategory.swift in Sources */,
				386C22382A66ADC200141CAC /* GetUserLocationUseCase.swift in Sources */,
				386C22512A67A3A100141CAC /* GetNearestStationToDestinationUseCase.swift in Sources */,
				386C226C2A694DFE00141CAC /* DefaultStationRepository.swift in Sources */,
				386C22312A66A50200141CAC /* Double+Extension.swift in Sources */,
				386C22142A668C7200141CAC /* LocationManager.swift in Sources */,
				386C22442A6757D000141CAC /* AreaCategory.swift in Sources */,
				386C221B2A6690C100141CAC /* Navigation.swift in Sources */,
				386C225E2A68C8EF00141CAC /* MapManager.swift in Sources */,
				386C22192A66907200141CAC /* Station.swift in Sources */,
				386C22542A67A43000141CAC /* LocationRepository.swift in Sources */,
				386C227E2A69A6FA00141CAC /* StartTripViewModel.swift in Sources */,
				386C22582A67AB9F00141CAC /* GetAllStationsUseCase.swift in Sources */,
				386C22752A69910500141CAC /* StartTripView.swift in Sources */,
				386C22262A669A4B00141CAC /* GateType.swift in Sources */,
				386C22772A69912200141CAC /* CustomTextField.swift in Sources */,
				386C224A2A67582200141CAC /* AccessibilityCategory.swift in Sources */,
				386C22402A67573500141CAC /* DistanceMeasurable.swift in Sources */,
				386C22792A69913800141CAC /* PulsableIconView.swift in Sources */,
				386C222C2A66A3DD00141CAC /* Gate.swift in Sources */,
				4B1B4AB52A6409FC0083EBC7 /* Nano3MRTApp.swift in Sources */,
				386C22632A68EC4700141CAC /* BundleDataSource.swift in Sources */,
				386C22732A6990EB00141CAC /* NavigationVDevider.swift in Sources */,
				386C22282A669B4500141CAC /* Place.swift in Sources */,
				386C222A2A669FCE00141CAC /* Coordinate.swift in Sources */,
				386C22562A67A54100141CAC /* GetNavigationUseCase.swift in Sources */,
				386C223A2A66B75400141CAC /* TrainRoute.swift in Sources */,
				386C22852A6A464B00141CAC /* DestinationPlan.swift in Sources */,
				386C223C2A67443D00141CAC /* Point.swift in Sources */,
				386C22712A6990D900141CAC /* InlineTextFieldView.swift in Sources */,
			);
			runOnlyForDeploymentPostprocessing = 0;
		};
/* End PBXSourcesBuildPhase section */

/* Begin XCBuildConfiguration section */
		4B1B4ABD2A6409FD0083EBC7 /* Debug */ = {
			isa = XCBuildConfiguration;
			buildSettings = {
				ALWAYS_SEARCH_USER_PATHS = NO;
				CLANG_ANALYZER_NONNULL = YES;
				CLANG_ANALYZER_NUMBER_OBJECT_CONVERSION = YES_AGGRESSIVE;
				CLANG_CXX_LANGUAGE_STANDARD = "gnu++20";
				CLANG_ENABLE_MODULES = YES;
				CLANG_ENABLE_OBJC_ARC = YES;
				CLANG_ENABLE_OBJC_WEAK = YES;
				CLANG_WARN_BLOCK_CAPTURE_AUTORELEASING = YES;
				CLANG_WARN_BOOL_CONVERSION = YES;
				CLANG_WARN_COMMA = YES;
				CLANG_WARN_CONSTANT_CONVERSION = YES;
				CLANG_WARN_DEPRECATED_OBJC_IMPLEMENTATIONS = YES;
				CLANG_WARN_DIRECT_OBJC_ISA_USAGE = YES_ERROR;
				CLANG_WARN_DOCUMENTATION_COMMENTS = YES;
				CLANG_WARN_EMPTY_BODY = YES;
				CLANG_WARN_ENUM_CONVERSION = YES;
				CLANG_WARN_INFINITE_RECURSION = YES;
				CLANG_WARN_INT_CONVERSION = YES;
				CLANG_WARN_NON_LITERAL_NULL_CONVERSION = YES;
				CLANG_WARN_OBJC_IMPLICIT_RETAIN_SELF = YES;
				CLANG_WARN_OBJC_LITERAL_CONVERSION = YES;
				CLANG_WARN_OBJC_ROOT_CLASS = YES_ERROR;
				CLANG_WARN_QUOTED_INCLUDE_IN_FRAMEWORK_HEADER = YES;
				CLANG_WARN_RANGE_LOOP_ANALYSIS = YES;
				CLANG_WARN_STRICT_PROTOTYPES = YES;
				CLANG_WARN_SUSPICIOUS_MOVE = YES;
				CLANG_WARN_UNGUARDED_AVAILABILITY = YES_AGGRESSIVE;
				CLANG_WARN_UNREACHABLE_CODE = YES;
				CLANG_WARN__DUPLICATE_METHOD_MATCH = YES;
				COPY_PHASE_STRIP = NO;
				DEBUG_INFORMATION_FORMAT = dwarf;
				ENABLE_STRICT_OBJC_MSGSEND = YES;
				ENABLE_TESTABILITY = YES;
				GCC_C_LANGUAGE_STANDARD = gnu11;
				GCC_DYNAMIC_NO_PIC = NO;
				GCC_NO_COMMON_BLOCKS = YES;
				GCC_OPTIMIZATION_LEVEL = 0;
				GCC_PREPROCESSOR_DEFINITIONS = (
					"DEBUG=1",
					"$(inherited)",
				);
				GCC_WARN_64_TO_32_BIT_CONVERSION = YES;
				GCC_WARN_ABOUT_RETURN_TYPE = YES_ERROR;
				GCC_WARN_UNDECLARED_SELECTOR = YES;
				GCC_WARN_UNINITIALIZED_AUTOS = YES_AGGRESSIVE;
				GCC_WARN_UNUSED_FUNCTION = YES;
				GCC_WARN_UNUSED_VARIABLE = YES;
				IPHONEOS_DEPLOYMENT_TARGET = 16.4;
				MTL_ENABLE_DEBUG_INFO = INCLUDE_SOURCE;
				MTL_FAST_MATH = YES;
				ONLY_ACTIVE_ARCH = YES;
				SDKROOT = iphoneos;
				SWIFT_ACTIVE_COMPILATION_CONDITIONS = DEBUG;
				SWIFT_OPTIMIZATION_LEVEL = "-Onone";
			};
			name = Debug;
		};
		4B1B4ABE2A6409FD0083EBC7 /* Release */ = {
			isa = XCBuildConfiguration;
			buildSettings = {
				ALWAYS_SEARCH_USER_PATHS = NO;
				CLANG_ANALYZER_NONNULL = YES;
				CLANG_ANALYZER_NUMBER_OBJECT_CONVERSION = YES_AGGRESSIVE;
				CLANG_CXX_LANGUAGE_STANDARD = "gnu++20";
				CLANG_ENABLE_MODULES = YES;
				CLANG_ENABLE_OBJC_ARC = YES;
				CLANG_ENABLE_OBJC_WEAK = YES;
				CLANG_WARN_BLOCK_CAPTURE_AUTORELEASING = YES;
				CLANG_WARN_BOOL_CONVERSION = YES;
				CLANG_WARN_COMMA = YES;
				CLANG_WARN_CONSTANT_CONVERSION = YES;
				CLANG_WARN_DEPRECATED_OBJC_IMPLEMENTATIONS = YES;
				CLANG_WARN_DIRECT_OBJC_ISA_USAGE = YES_ERROR;
				CLANG_WARN_DOCUMENTATION_COMMENTS = YES;
				CLANG_WARN_EMPTY_BODY = YES;
				CLANG_WARN_ENUM_CONVERSION = YES;
				CLANG_WARN_INFINITE_RECURSION = YES;
				CLANG_WARN_INT_CONVERSION = YES;
				CLANG_WARN_NON_LITERAL_NULL_CONVERSION = YES;
				CLANG_WARN_OBJC_IMPLICIT_RETAIN_SELF = YES;
				CLANG_WARN_OBJC_LITERAL_CONVERSION = YES;
				CLANG_WARN_OBJC_ROOT_CLASS = YES_ERROR;
				CLANG_WARN_QUOTED_INCLUDE_IN_FRAMEWORK_HEADER = YES;
				CLANG_WARN_RANGE_LOOP_ANALYSIS = YES;
				CLANG_WARN_STRICT_PROTOTYPES = YES;
				CLANG_WARN_SUSPICIOUS_MOVE = YES;
				CLANG_WARN_UNGUARDED_AVAILABILITY = YES_AGGRESSIVE;
				CLANG_WARN_UNREACHABLE_CODE = YES;
				CLANG_WARN__DUPLICATE_METHOD_MATCH = YES;
				COPY_PHASE_STRIP = NO;
				DEBUG_INFORMATION_FORMAT = "dwarf-with-dsym";
				ENABLE_NS_ASSERTIONS = NO;
				ENABLE_STRICT_OBJC_MSGSEND = YES;
				GCC_C_LANGUAGE_STANDARD = gnu11;
				GCC_NO_COMMON_BLOCKS = YES;
				GCC_WARN_64_TO_32_BIT_CONVERSION = YES;
				GCC_WARN_ABOUT_RETURN_TYPE = YES_ERROR;
				GCC_WARN_UNDECLARED_SELECTOR = YES;
				GCC_WARN_UNINITIALIZED_AUTOS = YES_AGGRESSIVE;
				GCC_WARN_UNUSED_FUNCTION = YES;
				GCC_WARN_UNUSED_VARIABLE = YES;
				IPHONEOS_DEPLOYMENT_TARGET = 16.4;
				MTL_ENABLE_DEBUG_INFO = NO;
				MTL_FAST_MATH = YES;
				SDKROOT = iphoneos;
				SWIFT_COMPILATION_MODE = wholemodule;
				SWIFT_OPTIMIZATION_LEVEL = "-O";
				VALIDATE_PRODUCT = YES;
			};
			name = Release;
		};
		4B1B4AC02A6409FD0083EBC7 /* Debug */ = {
			isa = XCBuildConfiguration;
			buildSettings = {
				ASSETCATALOG_COMPILER_APPICON_NAME = AppIcon;
				ASSETCATALOG_COMPILER_GLOBAL_ACCENT_COLOR_NAME = AccentColor;
				CODE_SIGN_STYLE = Automatic;
				CURRENT_PROJECT_VERSION = 1;
				DEVELOPMENT_ASSET_PATHS = "\"Nano3MRT/Preview Content\"";
				DEVELOPMENT_TEAM = T84FHM7BL8;
				ENABLE_PREVIEWS = YES;
				GENERATE_INFOPLIST_FILE = YES;
				INFOPLIST_FILE = Nano3MRT/Application/Main/Info.plist;
				INFOPLIST_KEY_UIApplicationSceneManifest_Generation = YES;
				INFOPLIST_KEY_UIApplicationSupportsIndirectInputEvents = YES;
				INFOPLIST_KEY_UILaunchScreen_Generation = YES;
				INFOPLIST_KEY_UISupportedInterfaceOrientations_iPad = "UIInterfaceOrientationPortrait UIInterfaceOrientationPortraitUpsideDown UIInterfaceOrientationLandscapeLeft UIInterfaceOrientationLandscapeRight";
				INFOPLIST_KEY_UISupportedInterfaceOrientations_iPhone = "UIInterfaceOrientationPortrait UIInterfaceOrientationLandscapeLeft UIInterfaceOrientationLandscapeRight";
				LD_RUNPATH_SEARCH_PATHS = (
					"$(inherited)",
					"@executable_path/Frameworks",
				);
				MARKETING_VERSION = 1.0;
				PRODUCT_BUNDLE_IDENTIFIER = intro.Nano3MRT;
				PRODUCT_NAME = "$(TARGET_NAME)";
				SWIFT_EMIT_LOC_STRINGS = YES;
				SWIFT_VERSION = 5.0;
				TARGETED_DEVICE_FAMILY = "1,2";
			};
			name = Debug;
		};
		4B1B4AC12A6409FD0083EBC7 /* Release */ = {
			isa = XCBuildConfiguration;
			buildSettings = {
				ASSETCATALOG_COMPILER_APPICON_NAME = AppIcon;
				ASSETCATALOG_COMPILER_GLOBAL_ACCENT_COLOR_NAME = AccentColor;
				CODE_SIGN_STYLE = Automatic;
				CURRENT_PROJECT_VERSION = 1;
				DEVELOPMENT_ASSET_PATHS = "\"Nano3MRT/Preview Content\"";
				DEVELOPMENT_TEAM = T84FHM7BL8;
				ENABLE_PREVIEWS = YES;
				GENERATE_INFOPLIST_FILE = YES;
				INFOPLIST_FILE = Nano3MRT/Application/Main/Info.plist;
				INFOPLIST_KEY_UIApplicationSceneManifest_Generation = YES;
				INFOPLIST_KEY_UIApplicationSupportsIndirectInputEvents = YES;
				INFOPLIST_KEY_UILaunchScreen_Generation = YES;
				INFOPLIST_KEY_UISupportedInterfaceOrientations_iPad = "UIInterfaceOrientationPortrait UIInterfaceOrientationPortraitUpsideDown UIInterfaceOrientationLandscapeLeft UIInterfaceOrientationLandscapeRight";
				INFOPLIST_KEY_UISupportedInterfaceOrientations_iPhone = "UIInterfaceOrientationPortrait UIInterfaceOrientationLandscapeLeft UIInterfaceOrientationLandscapeRight";
				LD_RUNPATH_SEARCH_PATHS = (
					"$(inherited)",
					"@executable_path/Frameworks",
				);
				MARKETING_VERSION = 1.0;
				PRODUCT_BUNDLE_IDENTIFIER = intro.Nano3MRT;
				PRODUCT_NAME = "$(TARGET_NAME)";
				SWIFT_EMIT_LOC_STRINGS = YES;
				SWIFT_VERSION = 5.0;
				TARGETED_DEVICE_FAMILY = "1,2";
			};
			name = Release;
		};
/* End XCBuildConfiguration section */

/* Begin XCConfigurationList section */
		4B1B4AAC2A6409FC0083EBC7 /* Build configuration list for PBXProject "Nano3MRT" */ = {
			isa = XCConfigurationList;
			buildConfigurations = (
				4B1B4ABD2A6409FD0083EBC7 /* Debug */,
				4B1B4ABE2A6409FD0083EBC7 /* Release */,
			);
			defaultConfigurationIsVisible = 0;
			defaultConfigurationName = Release;
		};
		4B1B4ABF2A6409FD0083EBC7 /* Build configuration list for PBXNativeTarget "Nano3MRT" */ = {
			isa = XCConfigurationList;
			buildConfigurations = (
				4B1B4AC02A6409FD0083EBC7 /* Debug */,
				4B1B4AC12A6409FD0083EBC7 /* Release */,
			);
			defaultConfigurationIsVisible = 0;
			defaultConfigurationName = Release;
		};
/* End XCConfigurationList section */
	};
	rootObject = 4B1B4AA92A6409FC0083EBC7 /* Project object */;
}
