// !$*UTF8*$!
{
	archiveVersion = 1;
	classes = {
	};
	objectVersion = 56;
	objects = {

/* Begin PBXBuildFile section */
		386C22142A668C7200141CAC /* LocationServices.swift in Sources */ = {isa = PBXBuildFile; fileRef = 386C22132A668C7200141CAC /* LocationServices.swift */; };
		386C22192A66907200141CAC /* Station.swift in Sources */ = {isa = PBXBuildFile; fileRef = 386C22182A66907200141CAC /* Station.swift */; };
		386C221B2A6690C100141CAC /* Navigation.swift in Sources */ = {isa = PBXBuildFile; fileRef = 386C221A2A6690C100141CAC /* Navigation.swift */; };
		386C22212A66919200141CAC /* NavigationPoint.swift in Sources */ = {isa = PBXBuildFile; fileRef = 386C22202A66919200141CAC /* NavigationPoint.swift */; };
		386C22262A669A4B00141CAC /* Enums.swift in Sources */ = {isa = PBXBuildFile; fileRef = 386C22252A669A4B00141CAC /* Enums.swift */; };
		386C22282A669B4500141CAC /* Place.swift in Sources */ = {isa = PBXBuildFile; fileRef = 386C22272A669B4500141CAC /* Place.swift */; };
		386C222A2A669FCE00141CAC /* Coordinate.swift in Sources */ = {isa = PBXBuildFile; fileRef = 386C22292A669FCE00141CAC /* Coordinate.swift */; };
		386C222C2A66A3DD00141CAC /* Point.swift in Sources */ = {isa = PBXBuildFile; fileRef = 386C222B2A66A3DD00141CAC /* Point.swift */; };
		386C222F2A66A4FA00141CAC /* Array+Extension.swift in Sources */ = {isa = PBXBuildFile; fileRef = 386C222E2A66A4FA00141CAC /* Array+Extension.swift */; };
		386C22312A66A50200141CAC /* Double+Extension.swift in Sources */ = {isa = PBXBuildFile; fileRef = 386C22302A66A50200141CAC /* Double+Extension.swift */; };
		386C22332A66A55300141CAC /* Helpers.swift in Sources */ = {isa = PBXBuildFile; fileRef = 386C22322A66A55300141CAC /* Helpers.swift */; };
		4B1B4AB52A6409FC0083EBC7 /* Nano3MRTApp.swift in Sources */ = {isa = PBXBuildFile; fileRef = 4B1B4AB42A6409FC0083EBC7 /* Nano3MRTApp.swift */; };
		4B1B4AB72A6409FC0083EBC7 /* ContentView.swift in Sources */ = {isa = PBXBuildFile; fileRef = 4B1B4AB62A6409FC0083EBC7 /* ContentView.swift */; };
		4B1B4AB92A6409FD0083EBC7 /* Assets.xcassets in Resources */ = {isa = PBXBuildFile; fileRef = 4B1B4AB82A6409FD0083EBC7 /* Assets.xcassets */; };
		4B1B4ABC2A6409FD0083EBC7 /* Preview Assets.xcassets in Resources */ = {isa = PBXBuildFile; fileRef = 4B1B4ABB2A6409FD0083EBC7 /* Preview Assets.xcassets */; };
/* End PBXBuildFile section */

/* Begin PBXFileReference section */
		386C22132A668C7200141CAC /* LocationServices.swift */ = {isa = PBXFileReference; lastKnownFileType = sourcecode.swift; path = LocationServices.swift; sourceTree = "<group>"; };
		386C22152A668D6100141CAC /* Info.plist */ = {isa = PBXFileReference; lastKnownFileType = text.plist.xml; path = Info.plist; sourceTree = "<group>"; };
		386C22182A66907200141CAC /* Station.swift */ = {isa = PBXFileReference; lastKnownFileType = sourcecode.swift; path = Station.swift; sourceTree = "<group>"; };
		386C221A2A6690C100141CAC /* Navigation.swift */ = {isa = PBXFileReference; lastKnownFileType = sourcecode.swift; path = Navigation.swift; sourceTree = "<group>"; };
		386C22202A66919200141CAC /* NavigationPoint.swift */ = {isa = PBXFileReference; lastKnownFileType = sourcecode.swift; path = NavigationPoint.swift; sourceTree = "<group>"; };
		386C22252A669A4B00141CAC /* Enums.swift */ = {isa = PBXFileReference; lastKnownFileType = sourcecode.swift; path = Enums.swift; sourceTree = "<group>"; };
		386C22272A669B4500141CAC /* Place.swift */ = {isa = PBXFileReference; lastKnownFileType = sourcecode.swift; path = Place.swift; sourceTree = "<group>"; };
		386C22292A669FCE00141CAC /* Coordinate.swift */ = {isa = PBXFileReference; lastKnownFileType = sourcecode.swift; path = Coordinate.swift; sourceTree = "<group>"; };
		386C222B2A66A3DD00141CAC /* Point.swift */ = {isa = PBXFileReference; lastKnownFileType = sourcecode.swift; path = Point.swift; sourceTree = "<group>"; };
		386C222E2A66A4FA00141CAC /* Array+Extension.swift */ = {isa = PBXFileReference; lastKnownFileType = sourcecode.swift; path = "Array+Extension.swift"; sourceTree = "<group>"; };
		386C22302A66A50200141CAC /* Double+Extension.swift */ = {isa = PBXFileReference; lastKnownFileType = sourcecode.swift; path = "Double+Extension.swift"; sourceTree = "<group>"; };
		386C22322A66A55300141CAC /* Helpers.swift */ = {isa = PBXFileReference; lastKnownFileType = sourcecode.swift; path = Helpers.swift; sourceTree = "<group>"; };
		4B1B4AB12A6409FC0083EBC7 /* Nano3MRT.app */ = {isa = PBXFileReference; explicitFileType = wrapper.application; includeInIndex = 0; path = Nano3MRT.app; sourceTree = BUILT_PRODUCTS_DIR; };
		4B1B4AB42A6409FC0083EBC7 /* Nano3MRTApp.swift */ = {isa = PBXFileReference; lastKnownFileType = sourcecode.swift; path = Nano3MRTApp.swift; sourceTree = "<group>"; };
		4B1B4AB62A6409FC0083EBC7 /* ContentView.swift */ = {isa = PBXFileReference; lastKnownFileType = sourcecode.swift; path = ContentView.swift; sourceTree = "<group>"; };
		4B1B4AB82A6409FD0083EBC7 /* Assets.xcassets */ = {isa = PBXFileReference; lastKnownFileType = folder.assetcatalog; path = Assets.xcassets; sourceTree = "<group>"; };
		4B1B4ABB2A6409FD0083EBC7 /* Preview Assets.xcassets */ = {isa = PBXFileReference; lastKnownFileType = folder.assetcatalog; path = "Preview Assets.xcassets"; sourceTree = "<group>"; };
/* End PBXFileReference section */

/* Begin PBXFrameworksBuildPhase section */
		4B1B4AAE2A6409FC0083EBC7 /* Frameworks */ = {
			isa = PBXFrameworksBuildPhase;
			buildActionMask = 2147483647;
			files = (
			);
			runOnlyForDeploymentPostprocessing = 0;
		};
/* End PBXFrameworksBuildPhase section */

/* Begin PBXGroup section */
		386C22112A668C1F00141CAC /* App */ = {
			isa = PBXGroup;
			children = (
				4B1B4AB42A6409FC0083EBC7 /* Nano3MRTApp.swift */,
				4B1B4AB62A6409FC0083EBC7 /* ContentView.swift */,
				386C22152A668D6100141CAC /* Info.plist */,
				4B1B4AB82A6409FD0083EBC7 /* Assets.xcassets */,
			);
			path = App;
			sourceTree = "<group>";
		};
		386C22122A668C2B00141CAC /* Services */ = {
			isa = PBXGroup;
			children = (
				386C22132A668C7200141CAC /* LocationServices.swift */,
			);
			path = Services;
			sourceTree = "<group>";
		};
		386C22172A668FCE00141CAC /* Models */ = {
			isa = PBXGroup;
			children = (
				386C22242A669A3E00141CAC /* Data */,
				386C22182A66907200141CAC /* Station.swift */,
				386C221A2A6690C100141CAC /* Navigation.swift */,
				386C22202A66919200141CAC /* NavigationPoint.swift */,
				386C22272A669B4500141CAC /* Place.swift */,
				386C22292A669FCE00141CAC /* Coordinate.swift */,
				386C222B2A66A3DD00141CAC /* Point.swift */,
			);
			path = Models;
			sourceTree = "<group>";
		};
		386C22242A669A3E00141CAC /* Data */ = {
			isa = PBXGroup;
			children = (
				386C22252A669A4B00141CAC /* Enums.swift */,
			);
			path = Data;
			sourceTree = "<group>";
		};
		386C222D2A66A4E500141CAC /* Utils */ = {
			isa = PBXGroup;
			children = (
				386C222E2A66A4FA00141CAC /* Array+Extension.swift */,
				386C22302A66A50200141CAC /* Double+Extension.swift */,
				386C22322A66A55300141CAC /* Helpers.swift */,
			);
			path = Utils;
			sourceTree = "<group>";
		};
		386C22342A66A7E300141CAC /* UseCases */ = {
			isa = PBXGroup;
			children = (
			);
			path = UseCases;
			sourceTree = "<group>";
		};
		386C22352A66A81400141CAC /* Domain */ = {
			isa = PBXGroup;
			children = (
				386C22172A668FCE00141CAC /* Models */,
				386C22342A66A7E300141CAC /* UseCases */,
			);
			path = Domain;
			sourceTree = "<group>";
		};
		386C22362A66A83100141CAC /* Presentation */ = {
			isa = PBXGroup;
			children = (
			);
			path = Presentation;
			sourceTree = "<group>";
		};
		4B1B4AA82A6409FC0083EBC7 = {
			isa = PBXGroup;
			children = (
				4B1B4AB32A6409FC0083EBC7 /* Nano3MRT */,
				4B1B4AB22A6409FC0083EBC7 /* Products */,
			);
			sourceTree = "<group>";
		};
		4B1B4AB22A6409FC0083EBC7 /* Products */ = {
			isa = PBXGroup;
			children = (
				4B1B4AB12A6409FC0083EBC7 /* Nano3MRT.app */,
			);
			name = Products;
			sourceTree = "<group>";
		};
		4B1B4AB32A6409FC0083EBC7 /* Nano3MRT */ = {
			isa = PBXGroup;
			children = (
				386C22112A668C1F00141CAC /* App */,
				386C222D2A66A4E500141CAC /* Utils */,
				386C22122A668C2B00141CAC /* Services */,
				386C22352A66A81400141CAC /* Domain */,
				386C22362A66A83100141CAC /* Presentation */,
				4B1B4ABA2A6409FD0083EBC7 /* Preview Content */,
			);
			path = Nano3MRT;
			sourceTree = "<group>";
		};
		4B1B4ABA2A6409FD0083EBC7 /* Preview Content */ = {
			isa = PBXGroup;
			children = (
				4B1B4ABB2A6409FD0083EBC7 /* Preview Assets.xcassets */,
			);
			path = "Preview Content";
			sourceTree = "<group>";
		};
/* End PBXGroup section */

/* Begin PBXNativeTarget section */
		4B1B4AB02A6409FC0083EBC7 /* Nano3MRT */ = {
			isa = PBXNativeTarget;
			buildConfigurationList = 4B1B4ABF2A6409FD0083EBC7 /* Build configuration list for PBXNativeTarget "Nano3MRT" */;
			buildPhases = (
				4B1B4AAD2A6409FC0083EBC7 /* Sources */,
				4B1B4AAE2A6409FC0083EBC7 /* Frameworks */,
				4B1B4AAF2A6409FC0083EBC7 /* Resources */,
			);
			buildRules = (
			);
			dependencies = (
			);
			name = Nano3MRT;
			productName = Nano3MRT;
			productReference = 4B1B4AB12A6409FC0083EBC7 /* Nano3MRT.app */;
			productType = "com.apple.product-type.application";
		};
/* End PBXNativeTarget section */

/* Begin PBXProject section */
		4B1B4AA92A6409FC0083EBC7 /* Project object */ = {
			isa = PBXProject;
			attributes = {
				BuildIndependentTargetsInParallel = 1;
				LastSwiftUpdateCheck = 1430;
				LastUpgradeCheck = 1430;
				TargetAttributes = {
					4B1B4AB02A6409FC0083EBC7 = {
						CreatedOnToolsVersion = 14.3.1;
					};
				};
			};
			buildConfigurationList = 4B1B4AAC2A6409FC0083EBC7 /* Build configuration list for PBXProject "Nano3MRT" */;
			compatibilityVersion = "Xcode 14.0";
			developmentRegion = en;
			hasScannedForEncodings = 0;
			knownRegions = (
				en,
				Base,
			);
			mainGroup = 4B1B4AA82A6409FC0083EBC7;
			productRefGroup = 4B1B4AB22A6409FC0083EBC7 /* Products */;
			projectDirPath = "";
			projectRoot = "";
			targets = (
				4B1B4AB02A6409FC0083EBC7 /* Nano3MRT */,
			);
		};
/* End PBXProject section */

/* Begin PBXResourcesBuildPhase section */
		4B1B4AAF2A6409FC0083EBC7 /* Resources */ = {
			isa = PBXResourcesBuildPhase;
			buildActionMask = 2147483647;
			files = (
				4B1B4ABC2A6409FD0083EBC7 /* Preview Assets.xcassets in Resources */,
				4B1B4AB92A6409FD0083EBC7 /* Assets.xcassets in Resources */,
			);
			runOnlyForDeploymentPostprocessing = 0;
		};
/* End PBXResourcesBuildPhase section */

/* Begin PBXSourcesBuildPhase section */
		4B1B4AAD2A6409FC0083EBC7 /* Sources */ = {
			isa = PBXSourcesBuildPhase;
			buildActionMask = 2147483647;
			files = (
				386C22212A66919200141CAC /* NavigationPoint.swift in Sources */,
				386C22332A66A55300141CAC /* Helpers.swift in Sources */,
				4B1B4AB72A6409FC0083EBC7 /* ContentView.swift in Sources */,
				386C222F2A66A4FA00141CAC /* Array+Extension.swift in Sources */,
				386C22312A66A50200141CAC /* Double+Extension.swift in Sources */,
				386C22142A668C7200141CAC /* LocationServices.swift in Sources */,
				386C221B2A6690C100141CAC /* Navigation.swift in Sources */,
				386C22192A66907200141CAC /* Station.swift in Sources */,
				386C22262A669A4B00141CAC /* Enums.swift in Sources */,
				386C222C2A66A3DD00141CAC /* Point.swift in Sources */,
				4B1B4AB52A6409FC0083EBC7 /* Nano3MRTApp.swift in Sources */,
				386C22282A669B4500141CAC /* Place.swift in Sources */,
				386C222A2A669FCE00141CAC /* Coordinate.swift in Sources */,
			);
			runOnlyForDeploymentPostprocessing = 0;
		};
/* End PBXSourcesBuildPhase section */

/* Begin XCBuildConfiguration section */
		4B1B4ABD2A6409FD0083EBC7 /* Debug */ = {
			isa = XCBuildConfiguration;
			buildSettings = {
				ALWAYS_SEARCH_USER_PATHS = NO;
				CLANG_ANALYZER_NONNULL = YES;
				CLANG_ANALYZER_NUMBER_OBJECT_CONVERSION = YES_AGGRESSIVE;
				CLANG_CXX_LANGUAGE_STANDARD = "gnu++20";
				CLANG_ENABLE_MODULES = YES;
				CLANG_ENABLE_OBJC_ARC = YES;
				CLANG_ENABLE_OBJC_WEAK = YES;
				CLANG_WARN_BLOCK_CAPTURE_AUTORELEASING = YES;
				CLANG_WARN_BOOL_CONVERSION = YES;
				CLANG_WARN_COMMA = YES;
				CLANG_WARN_CONSTANT_CONVERSION = YES;
				CLANG_WARN_DEPRECATED_OBJC_IMPLEMENTATIONS = YES;
				CLANG_WARN_DIRECT_OBJC_ISA_USAGE = YES_ERROR;
				CLANG_WARN_DOCUMENTATION_COMMENTS = YES;
				CLANG_WARN_EMPTY_BODY = YES;
				CLANG_WARN_ENUM_CONVERSION = YES;
				CLANG_WARN_INFINITE_RECURSION = YES;
				CLANG_WARN_INT_CONVERSION = YES;
				CLANG_WARN_NON_LITERAL_NULL_CONVERSION = YES;
				CLANG_WARN_OBJC_IMPLICIT_RETAIN_SELF = YES;
				CLANG_WARN_OBJC_LITERAL_CONVERSION = YES;
				CLANG_WARN_OBJC_ROOT_CLASS = YES_ERROR;
				CLANG_WARN_QUOTED_INCLUDE_IN_FRAMEWORK_HEADER = YES;
				CLANG_WARN_RANGE_LOOP_ANALYSIS = YES;
				CLANG_WARN_STRICT_PROTOTYPES = YES;
				CLANG_WARN_SUSPICIOUS_MOVE = YES;
				CLANG_WARN_UNGUARDED_AVAILABILITY = YES_AGGRESSIVE;
				CLANG_WARN_UNREACHABLE_CODE = YES;
				CLANG_WARN__DUPLICATE_METHOD_MATCH = YES;
				COPY_PHASE_STRIP = NO;
				DEBUG_INFORMATION_FORMAT = dwarf;
				ENABLE_STRICT_OBJC_MSGSEND = YES;
				ENABLE_TESTABILITY = YES;
				GCC_C_LANGUAGE_STANDARD = gnu11;
				GCC_DYNAMIC_NO_PIC = NO;
				GCC_NO_COMMON_BLOCKS = YES;
				GCC_OPTIMIZATION_LEVEL = 0;
				GCC_PREPROCESSOR_DEFINITIONS = (
					"DEBUG=1",
					"$(inherited)",
				);
				GCC_WARN_64_TO_32_BIT_CONVERSION = YES;
				GCC_WARN_ABOUT_RETURN_TYPE = YES_ERROR;
				GCC_WARN_UNDECLARED_SELECTOR = YES;
				GCC_WARN_UNINITIALIZED_AUTOS = YES_AGGRESSIVE;
				GCC_WARN_UNUSED_FUNCTION = YES;
				GCC_WARN_UNUSED_VARIABLE = YES;
				IPHONEOS_DEPLOYMENT_TARGET = 16.4;
				MTL_ENABLE_DEBUG_INFO = INCLUDE_SOURCE;
				MTL_FAST_MATH = YES;
				ONLY_ACTIVE_ARCH = YES;
				SDKROOT = iphoneos;
				SWIFT_ACTIVE_COMPILATION_CONDITIONS = DEBUG;
				SWIFT_OPTIMIZATION_LEVEL = "-Onone";
			};
			name = Debug;
		};
		4B1B4ABE2A6409FD0083EBC7 /* Release */ = {
			isa = XCBuildConfiguration;
			buildSettings = {
				ALWAYS_SEARCH_USER_PATHS = NO;
				CLANG_ANALYZER_NONNULL = YES;
				CLANG_ANALYZER_NUMBER_OBJECT_CONVERSION = YES_AGGRESSIVE;
				CLANG_CXX_LANGUAGE_STANDARD = "gnu++20";
				CLANG_ENABLE_MODULES = YES;
				CLANG_ENABLE_OBJC_ARC = YES;
				CLANG_ENABLE_OBJC_WEAK = YES;
				CLANG_WARN_BLOCK_CAPTURE_AUTORELEASING = YES;
				CLANG_WARN_BOOL_CONVERSION = YES;
				CLANG_WARN_COMMA = YES;
				CLANG_WARN_CONSTANT_CONVERSION = YES;
				CLANG_WARN_DEPRECATED_OBJC_IMPLEMENTATIONS = YES;
				CLANG_WARN_DIRECT_OBJC_ISA_USAGE = YES_ERROR;
				CLANG_WARN_DOCUMENTATION_COMMENTS = YES;
				CLANG_WARN_EMPTY_BODY = YES;
				CLANG_WARN_ENUM_CONVERSION = YES;
				CLANG_WARN_INFINITE_RECURSION = YES;
				CLANG_WARN_INT_CONVERSION = YES;
				CLANG_WARN_NON_LITERAL_NULL_CONVERSION = YES;
				CLANG_WARN_OBJC_IMPLICIT_RETAIN_SELF = YES;
				CLANG_WARN_OBJC_LITERAL_CONVERSION = YES;
				CLANG_WARN_OBJC_ROOT_CLASS = YES_ERROR;
				CLANG_WARN_QUOTED_INCLUDE_IN_FRAMEWORK_HEADER = YES;
				CLANG_WARN_RANGE_LOOP_ANALYSIS = YES;
				CLANG_WARN_STRICT_PROTOTYPES = YES;
				CLANG_WARN_SUSPICIOUS_MOVE = YES;
				CLANG_WARN_UNGUARDED_AVAILABILITY = YES_AGGRESSIVE;
				CLANG_WARN_UNREACHABLE_CODE = YES;
				CLANG_WARN__DUPLICATE_METHOD_MATCH = YES;
				COPY_PHASE_STRIP = NO;
				DEBUG_INFORMATION_FORMAT = "dwarf-with-dsym";
				ENABLE_NS_ASSERTIONS = NO;
				ENABLE_STRICT_OBJC_MSGSEND = YES;
				GCC_C_LANGUAGE_STANDARD = gnu11;
				GCC_NO_COMMON_BLOCKS = YES;
				GCC_WARN_64_TO_32_BIT_CONVERSION = YES;
				GCC_WARN_ABOUT_RETURN_TYPE = YES_ERROR;
				GCC_WARN_UNDECLARED_SELECTOR = YES;
				GCC_WARN_UNINITIALIZED_AUTOS = YES_AGGRESSIVE;
				GCC_WARN_UNUSED_FUNCTION = YES;
				GCC_WARN_UNUSED_VARIABLE = YES;
				IPHONEOS_DEPLOYMENT_TARGET = 16.4;
				MTL_ENABLE_DEBUG_INFO = NO;
				MTL_FAST_MATH = YES;
				SDKROOT = iphoneos;
				SWIFT_COMPILATION_MODE = wholemodule;
				SWIFT_OPTIMIZATION_LEVEL = "-O";
				VALIDATE_PRODUCT = YES;
			};
			name = Release;
		};
		4B1B4AC02A6409FD0083EBC7 /* Debug */ = {
			isa = XCBuildConfiguration;
			buildSettings = {
				ASSETCATALOG_COMPILER_APPICON_NAME = AppIcon;
				ASSETCATALOG_COMPILER_GLOBAL_ACCENT_COLOR_NAME = AccentColor;
				CODE_SIGN_STYLE = Automatic;
				CURRENT_PROJECT_VERSION = 1;
				DEVELOPMENT_ASSET_PATHS = "\"Nano3MRT/Preview Content\"";
				DEVELOPMENT_TEAM = T84FHM7BL8;
				ENABLE_PREVIEWS = YES;
				GENERATE_INFOPLIST_FILE = YES;
				INFOPLIST_FILE = Nano3MRT/App/Info.plist;
				INFOPLIST_KEY_UIApplicationSceneManifest_Generation = YES;
				INFOPLIST_KEY_UIApplicationSupportsIndirectInputEvents = YES;
				INFOPLIST_KEY_UILaunchScreen_Generation = YES;
				INFOPLIST_KEY_UISupportedInterfaceOrientations_iPad = "UIInterfaceOrientationPortrait UIInterfaceOrientationPortraitUpsideDown UIInterfaceOrientationLandscapeLeft UIInterfaceOrientationLandscapeRight";
				INFOPLIST_KEY_UISupportedInterfaceOrientations_iPhone = "UIInterfaceOrientationPortrait UIInterfaceOrientationLandscapeLeft UIInterfaceOrientationLandscapeRight";
				LD_RUNPATH_SEARCH_PATHS = (
					"$(inherited)",
					"@executable_path/Frameworks",
				);
				MARKETING_VERSION = 1.0;
				PRODUCT_BUNDLE_IDENTIFIER = intro.Nano3MRT;
				PRODUCT_NAME = "$(TARGET_NAME)";
				SWIFT_EMIT_LOC_STRINGS = YES;
				SWIFT_VERSION = 5.0;
				TARGETED_DEVICE_FAMILY = "1,2";
			};
			name = Debug;
		};
		4B1B4AC12A6409FD0083EBC7 /* Release */ = {
			isa = XCBuildConfiguration;
			buildSettings = {
				ASSETCATALOG_COMPILER_APPICON_NAME = AppIcon;
				ASSETCATALOG_COMPILER_GLOBAL_ACCENT_COLOR_NAME = AccentColor;
				CODE_SIGN_STYLE = Automatic;
				CURRENT_PROJECT_VERSION = 1;
				DEVELOPMENT_ASSET_PATHS = "\"Nano3MRT/Preview Content\"";
				DEVELOPMENT_TEAM = T84FHM7BL8;
				ENABLE_PREVIEWS = YES;
				GENERATE_INFOPLIST_FILE = YES;
				INFOPLIST_FILE = Nano3MRT/App/Info.plist;
				INFOPLIST_KEY_UIApplicationSceneManifest_Generation = YES;
				INFOPLIST_KEY_UIApplicationSupportsIndirectInputEvents = YES;
				INFOPLIST_KEY_UILaunchScreen_Generation = YES;
				INFOPLIST_KEY_UISupportedInterfaceOrientations_iPad = "UIInterfaceOrientationPortrait UIInterfaceOrientationPortraitUpsideDown UIInterfaceOrientationLandscapeLeft UIInterfaceOrientationLandscapeRight";
				INFOPLIST_KEY_UISupportedInterfaceOrientations_iPhone = "UIInterfaceOrientationPortrait UIInterfaceOrientationLandscapeLeft UIInterfaceOrientationLandscapeRight";
				LD_RUNPATH_SEARCH_PATHS = (
					"$(inherited)",
					"@executable_path/Frameworks",
				);
				MARKETING_VERSION = 1.0;
				PRODUCT_BUNDLE_IDENTIFIER = intro.Nano3MRT;
				PRODUCT_NAME = "$(TARGET_NAME)";
				SWIFT_EMIT_LOC_STRINGS = YES;
				SWIFT_VERSION = 5.0;
				TARGETED_DEVICE_FAMILY = "1,2";
			};
			name = Release;
		};
/* End XCBuildConfiguration section */

/* Begin XCConfigurationList section */
		4B1B4AAC2A6409FC0083EBC7 /* Build configuration list for PBXProject "Nano3MRT" */ = {
			isa = XCConfigurationList;
			buildConfigurations = (
				4B1B4ABD2A6409FD0083EBC7 /* Debug */,
				4B1B4ABE2A6409FD0083EBC7 /* Release */,
			);
			defaultConfigurationIsVisible = 0;
			defaultConfigurationName = Release;
		};
		4B1B4ABF2A6409FD0083EBC7 /* Build configuration list for PBXNativeTarget "Nano3MRT" */ = {
			isa = XCConfigurationList;
			buildConfigurations = (
				4B1B4AC02A6409FD0083EBC7 /* Debug */,
				4B1B4AC12A6409FD0083EBC7 /* Release */,
			);
			defaultConfigurationIsVisible = 0;
			defaultConfigurationName = Release;
		};
/* End XCConfigurationList section */
	};
	rootObject = 4B1B4AA92A6409FC0083EBC7 /* Project object */;
}
